
Microsoft Visual Studio Solution File, Format Version 12.00
# Visual Studio Version 17
VisualStudioVersion = 17.7.34031.279
MinimumVisualStudioVersion = 10.0.40219.1
Project("{FAE04EC0-301F-11D3-BF4B-00C04F79EFBC}") = "Blog_MVC", "Blog_MVC\Blog_MVC.csproj", "{E140255F-CB42-4237-AA50-8DFF61C2F2E1}"
EndProject
Global
	GlobalSection(SolutionConfigurationPlatforms) = preSolution
		Debug|Any CPU = Debug|Any CPU
		Release|Any CPU = Release|Any CPU
	EndGlobalSection
	GlobalSection(ProjectConfigurationPlatforms) = postSolution
		{E140255F-CB42-4237-AA50-8DFF61C2F2E1}.Debug|Any CPU.ActiveCfg = Debug|Any CPU
		{E140255F-CB42-4237-AA50-8DFF61C2F2E1}.Debug|Any CPU.Build.0 = Debug|Any CPU
		{E140255F-CB42-4237-AA50-8DFF61C2F2E1}.Release|Any CPU.ActiveCfg = Release|Any CPU
		{E140255F-CB42-4237-AA50-8DFF61C2F2E1}.Release|Any CPU.Build.0 = Release|Any CPU
	EndGlobalSection
	GlobalSection(SolutionProperties) = preSolution
		HideSolutionNode = FALSE
	EndGlobalSection
	GlobalSection(ExtensibilityGlobals) = postSolution
		SolutionGuid = {D555BD32-4111-4BC8-9D12-120352A7240C}
	EndGlobalSection
EndGlobal
